Microsoft Visual Studio Solution File, Format Version 12.00
# Visual Studio Version 17
VisualStudioVersion = 17.0.31912.275
MinimumVisualStudioVersion = 10.0.40219.1
Project("{9A19103F-16F7-4668-BE54-9A1E7A4F7556}") = "PunterHomeDomain", "PunterHomeDomain\PunterHomeDomain.csproj", "{C21C898E-8723-4702-AF94-9FFD9CB37058}"
EndProject
Project("{9A19103F-16F7-4668-BE54-9A1E7A4F7556}") = "PunterHomeAdapters", "PunterHomeAdapters\PunterHomeAdapters.csproj", "{6D656771-8B70-4FE4-9C17-26BE9507C60F}"
EndProject
Project("{9A19103F-16F7-4668-BE54-9A1E7A4F7556}") = "DataModels", "DataModels\DataModels.csproj", "{08A64526-C9F5-448F-BC64-6ACFD3E3F1E8}"
EndProject
Project("{9A19103F-16F7-4668-BE54-9A1E7A4F7556}") = "PunterHomeApi", "PunterHomeApi\PunterHomeApi.csproj", "{C4468E0F-0151-460D-98EB-92CDE5B7378B}"
EndProject
Project("{9A19103F-16F7-4668-BE54-9A1E7A4F7556}") = "PunterHomeManagmentWebApp", "PunterHomeManagmentWebApp\PunterHomeManagmentWebApp.csproj", "{31F48D28-784E-4816-834C-B4140E70E401}"
EndProject
Project("{9A19103F-16F7-4668-BE54-9A1E7A4F7556}") = "BlazorPunterHomeApp", "BlazorPunterHomeApp\BlazorPunterHomeApp.csproj", "{38B7E148-6692-47CC-BE66-875F04A730D0}"
EndProject
Project("{9A19103F-16F7-4668-BE54-9A1E7A4F7556}") = "PunterHomeAppWA", "PunterHomeAppWA\PunterHomeAppWA.csproj", "{3E7A1344-5302-40DE-B7B8-B56AD7B882A3}"
EndProject
Project("{9A19103F-16F7-4668-BE54-9A1E7A4F7556}") = "RazorShared", "RazorShared\RazorShared.csproj", "{699C7514-39D7-4A4F-9934-08995A07565E}"
EndProject
Project("{9A19103F-16F7-4668-BE54-9A1E7A4F7556}") = "PunterHomeApiConnector", "PunterHomeApiConnector\PunterHomeApiConnector.csproj", "{7B9E9531-EAB7-4E4E-8A29-7FEF1A7725C9}"
EndProject
Project("{9A19103F-16F7-4668-BE54-9A1E7A4F7556}") = "PunterHomeApi.Shared", "PunterHomeApi.Shared\PunterHomeApi.Shared.csproj", "{21388084-C780-4759-9E62-78FCD4DF7269}"
EndProject
Project("{2150E333-8FDC-42A3-9474-1A3956D46DE8}") = "Tests", "Tests", "{F5E01DAE-2F0A-482F-8315-9C6C17AEF57C}"
EndProject
Project("{2150E333-8FDC-42A3-9474-1A3956D46DE8}") = "PunterHomeDomainTests", "PunterHomeDomainTests", "{F2F87512-9C34-41DA-BAD1-EEDE437BB238}"
EndProject
Project("{9A19103F-16F7-4668-BE54-9A1E7A4F7556}") = "PunterHomeDomainTests", "Tests\PunterHomeDomainTests\PunterHomeDomainTests\PunterHomeDomainTests.csproj", "{7933A1D3-6FE2-4160-A822-AA644A550901}"
EndProject
Project("{2150E333-8FDC-42A3-9474-1A3956D46DE8}") = "Infrastructure", "Infrastructure", "{5FFAC35C-9DC0-4F8E-A6AF-89479F4072B9}"
EndProject
Project("{9A19103F-16F7-4668-BE54-9A1E7A4F7556}") = "RecipeParsers", "Infrastructure\RecipeParsers\RecipeParsers.csproj", "{A9A377A6-ABCD-4F63-A80B-FC2315A9334E}"
EndProject
Project("{9A19103F-16F7-4668-BE54-9A1E7A4F7556}") = "RecipeParserTests", "Tests\RecipeParserTests\RecipeParserTests.csproj", "{EF013F26-9859-4645-A8D9-C6A4C7705840}"
EndProject
Project("{2150E333-8FDC-42A3-9474-1A3956D46DE8}") = "Applications", "Applications", "{1AEF0C3B-D6E3-4C2D-948C-69BC8297FF0D}"
EndProject
Project("{9A19103F-16F7-4668-BE54-9A1E7A4F7556}") = "HomeApp.Frontend.View", "Applications\HomeApp.Frontend.View\HomeApp.Frontend.View.csproj", "{4BFF7AD4-2AB7-4F52-BB7B-143DDCBE8731}"
EndProject
Project("{2150E333-8FDC-42A3-9474-1A3956D46DE8}") = "Domain", "Domain", "{56B454BB-9E29-4961-BBD2-471202CDCFB6}"
EndProject
Project("{2150E333-8FDC-42A3-9474-1A3956D46DE8}") = "Frontend", "Frontend", "{5B6B8906-24EC-4589-8353-2F5084203E8A}"
EndProject
Global
	GlobalSection(SolutionConfigurationPlatforms) = preSolution
		Debug|Any CPU = Debug|Any CPU
		Release|Any CPU = Release|Any CPU
	EndGlobalSection
	GlobalSection(ProjectConfigurationPlatforms) = postSolution
		{C21C898E-8723-4702-AF94-9FFD9CB37058}.Debug|Any CPU.ActiveCfg = Debug|Any CPU
		{C21C898E-8723-4702-AF94-9FFD9CB37058}.Debug|Any CPU.Build.0 = Debug|Any CPU
		{C21C898E-8723-4702-AF94-9FFD9CB37058}.Release|Any CPU.ActiveCfg = Release|Any CPU
		{C21C898E-8723-4702-AF94-9FFD9CB37058}.Release|Any CPU.Build.0 = Release|Any CPU
		{6D656771-8B70-4FE4-9C17-26BE9507C60F}.Debug|Any CPU.ActiveCfg = Debug|Any CPU
		{6D656771-8B70-4FE4-9C17-26BE9507C60F}.Debug|Any CPU.Build.0 = Debug|Any CPU
		{6D656771-8B70-4FE4-9C17-26BE9507C60F}.Release|Any CPU.ActiveCfg = Release|Any CPU
		{6D656771-8B70-4FE4-9C17-26BE9507C60F}.Release|Any CPU.Build.0 = Release|Any CPU
		{08A64526-C9F5-448F-BC64-6ACFD3E3F1E8}.Debug|Any CPU.ActiveCfg = Debug|Any CPU
		{08A64526-C9F5-448F-BC64-6ACFD3E3F1E8}.Debug|Any CPU.Build.0 = Debug|Any CPU
		{08A64526-C9F5-448F-BC64-6ACFD3E3F1E8}.Release|Any CPU.ActiveCfg = Release|Any CPU
		{08A64526-C9F5-448F-BC64-6ACFD3E3F1E8}.Release|Any CPU.Build.0 = Release|Any CPU
		{C4468E0F-0151-460D-98EB-92CDE5B7378B}.Debug|Any CPU.ActiveCfg = Debug|Any CPU
		{C4468E0F-0151-460D-98EB-92CDE5B7378B}.Debug|Any CPU.Build.0 = Debug|Any CPU
		{C4468E0F-0151-460D-98EB-92CDE5B7378B}.Release|Any CPU.ActiveCfg = Release|Any CPU
		{C4468E0F-0151-460D-98EB-92CDE5B7378B}.Release|Any CPU.Build.0 = Release|Any CPU
		{31F48D28-784E-4816-834C-B4140E70E401}.Debug|Any CPU.ActiveCfg = Debug|Any CPU
		{31F48D28-784E-4816-834C-B4140E70E401}.Debug|Any CPU.Build.0 = Debug|Any CPU
		{31F48D28-784E-4816-834C-B4140E70E401}.Release|Any CPU.ActiveCfg = Release|Any CPU
		{31F48D28-784E-4816-834C-B4140E70E401}.Release|Any CPU.Build.0 = Release|Any CPU
		{38B7E148-6692-47CC-BE66-875F04A730D0}.Debug|Any CPU.ActiveCfg = Debug|Any CPU
		{38B7E148-6692-47CC-BE66-875F04A730D0}.Debug|Any CPU.Build.0 = Debug|Any CPU
		{38B7E148-6692-47CC-BE66-875F04A730D0}.Release|Any CPU.ActiveCfg = Release|Any CPU
		{38B7E148-6692-47CC-BE66-875F04A730D0}.Release|Any CPU.Build.0 = Release|Any CPU
		{3E7A1344-5302-40DE-B7B8-B56AD7B882A3}.Debug|Any CPU.ActiveCfg = Debug|Any CPU
		{3E7A1344-5302-40DE-B7B8-B56AD7B882A3}.Debug|Any CPU.Build.0 = Debug|Any CPU
		{3E7A1344-5302-40DE-B7B8-B56AD7B882A3}.Release|Any CPU.ActiveCfg = Release|Any CPU
		{3E7A1344-5302-40DE-B7B8-B56AD7B882A3}.Release|Any CPU.Build.0 = Release|Any CPU
		{699C7514-39D7-4A4F-9934-08995A07565E}.Debug|Any CPU.ActiveCfg = Debug|Any CPU
		{699C7514-39D7-4A4F-9934-08995A07565E}.Debug|Any CPU.Build.0 = Debug|Any CPU
		{699C7514-39D7-4A4F-9934-08995A07565E}.Release|Any CPU.ActiveCfg = Release|Any CPU
		{699C7514-39D7-4A4F-9934-08995A07565E}.Release|Any CPU.Build.0 = Release|Any CPU
		{7B9E9531-EAB7-4E4E-8A29-7FEF1A7725C9}.Debug|Any CPU.ActiveCfg = Debug|Any CPU
		{7B9E9531-EAB7-4E4E-8A29-7FEF1A7725C9}.Debug|Any CPU.Build.0 = Debug|Any CPU
		{7B9E9531-EAB7-4E4E-8A29-7FEF1A7725C9}.Release|Any CPU.ActiveCfg = Release|Any CPU
		{7B9E9531-EAB7-4E4E-8A29-7FEF1A7725C9}.Release|Any CPU.Build.0 = Release|Any CPU
		{21388084-C780-4759-9E62-78FCD4DF7269}.Debug|Any CPU.ActiveCfg = Debug|Any CPU
		{21388084-C780-4759-9E62-78FCD4DF7269}.Debug|Any CPU.Build.0 = Debug|Any CPU
		{21388084-C780-4759-9E62-78FCD4DF7269}.Release|Any CPU.ActiveCfg = Release|Any CPU
		{21388084-C780-4759-9E62-78FCD4DF7269}.Release|Any CPU.Build.0 = Release|Any CPU
		{7933A1D3-6FE2-4160-A822-AA644A550901}.Debug|Any CPU.ActiveCfg = Debug|Any CPU
		{7933A1D3-6FE2-4160-A822-AA644A550901}.Debug|Any CPU.Build.0 = Debug|Any CPU
		{7933A1D3-6FE2-4160-A822-AA644A550901}.Release|Any CPU.ActiveCfg = Release|Any CPU
		{7933A1D3-6FE2-4160-A822-AA644A550901}.Release|Any CPU.Build.0 = Release|Any CPU
		{A9A377A6-ABCD-4F63-A80B-FC2315A9334E}.Debug|Any CPU.ActiveCfg = Debug|Any CPU
		{A9A377A6-ABCD-4F63-A80B-FC2315A9334E}.Debug|Any CPU.Build.0 = Debug|Any CPU
		{A9A377A6-ABCD-4F63-A80B-FC2315A9334E}.Release|Any CPU.ActiveCfg = Release|Any CPU
		{A9A377A6-ABCD-4F63-A80B-FC2315A9334E}.Release|Any CPU.Build.0 = Release|Any CPU
		{EF013F26-9859-4645-A8D9-C6A4C7705840}.Debug|Any CPU.ActiveCfg = Debug|Any CPU
		{EF013F26-9859-4645-A8D9-C6A4C7705840}.Debug|Any CPU.Build.0 = Debug|Any CPU
		{EF013F26-9859-4645-A8D9-C6A4C7705840}.Release|Any CPU.ActiveCfg = Release|Any CPU
		{EF013F26-9859-4645-A8D9-C6A4C7705840}.Release|Any CPU.Build.0 = Release|Any CPU
		{4BFF7AD4-2AB7-4F52-BB7B-143DDCBE8731}.Debug|Any CPU.ActiveCfg = Debug|Any CPU
		{4BFF7AD4-2AB7-4F52-BB7B-143DDCBE8731}.Debug|Any CPU.Build.0 = Debug|Any CPU
		{4BFF7AD4-2AB7-4F52-BB7B-143DDCBE8731}.Release|Any CPU.ActiveCfg = Release|Any CPU
		{4BFF7AD4-2AB7-4F52-BB7B-143DDCBE8731}.Release|Any CPU.Build.0 = Release|Any CPU
	EndGlobalSection
	GlobalSection(SolutionProperties) = preSolution
		HideSolutionNode = FALSE
	EndGlobalSection
	GlobalSection(NestedProjects) = preSolution
		{F2F87512-9C34-41DA-BAD1-EEDE437BB238} = {F5E01DAE-2F0A-482F-8315-9C6C17AEF57C}
		{7933A1D3-6FE2-4160-A822-AA644A550901} = {F2F87512-9C34-41DA-BAD1-EEDE437BB238}
		{A9A377A6-ABCD-4F63-A80B-FC2315A9334E} = {5FFAC35C-9DC0-4F8E-A6AF-89479F4072B9}
		{EF013F26-9859-4645-A8D9-C6A4C7705840} = {F5E01DAE-2F0A-482F-8315-9C6C17AEF57C}
		{4BFF7AD4-2AB7-4F52-BB7B-143DDCBE8731} = {1AEF0C3B-D6E3-4C2D-948C-69BC8297FF0D}
	EndGlobalSection
	GlobalSection(ExtensibilityGlobals) = postSolution
		SolutionGuid = {9F91869B-8BDD-44E1-981E-7FEEF5C9017F}
	EndGlobalSection
EndGlobal
