
Microsoft Visual Studio Solution File, Format Version 12.00
# Visual Studio 15
Project("{FAE04EC0-301F-11D3-BF4B-00C04F79EFBC}") = "PunterHomeApp", "PunterHomeApp\PunterHomeApp.csproj", "{EDDE9EAB-A39B-4569-B628-1936C1561AC7}"
EndProject
Project("{FAE04EC0-301F-11D3-BF4B-00C04F79EFBC}") = "Test", "Test\Test.csproj", "{59E78FB9-04BF-4E51-8958-97E15D77684B}"
EndProject
Project("{FAE04EC0-301F-11D3-BF4B-00C04F79EFBC}") = "PunterHomeDomain", "PunterHomeDomain\PunterHomeDomain.csproj", "{C21C898E-8723-4702-AF94-9FFD9CB37058}"
EndProject
Project("{FAE04EC0-301F-11D3-BF4B-00C04F79EFBC}") = "PunterHomeAdapters", "PunterHomeAdapters\PunterHomeAdapters.csproj", "{6D656771-8B70-4FE4-9C17-26BE9507C60F}"
EndProject
Project("{FAE04EC0-301F-11D3-BF4B-00C04F79EFBC}") = "DataModels", "DataModels\DataModels.csproj", "{08A64526-C9F5-448F-BC64-6ACFD3E3F1E8}"
EndProject
Global
	GlobalSection(SolutionConfigurationPlatforms) = preSolution
		Debug|Any CPU = Debug|Any CPU
		Release|Any CPU = Release|Any CPU
	EndGlobalSection
	GlobalSection(ProjectConfigurationPlatforms) = postSolution
		{EDDE9EAB-A39B-4569-B628-1936C1561AC7}.Debug|Any CPU.ActiveCfg = Debug|Any CPU
		{EDDE9EAB-A39B-4569-B628-1936C1561AC7}.Debug|Any CPU.Build.0 = Debug|Any CPU
		{EDDE9EAB-A39B-4569-B628-1936C1561AC7}.Release|Any CPU.ActiveCfg = Release|Any CPU
		{EDDE9EAB-A39B-4569-B628-1936C1561AC7}.Release|Any CPU.Build.0 = Release|Any CPU
		{59E78FB9-04BF-4E51-8958-97E15D77684B}.Debug|Any CPU.ActiveCfg = Debug|Any CPU
		{59E78FB9-04BF-4E51-8958-97E15D77684B}.Debug|Any CPU.Build.0 = Debug|Any CPU
		{59E78FB9-04BF-4E51-8958-97E15D77684B}.Release|Any CPU.ActiveCfg = Release|Any CPU
		{59E78FB9-04BF-4E51-8958-97E15D77684B}.Release|Any CPU.Build.0 = Release|Any CPU
		{C21C898E-8723-4702-AF94-9FFD9CB37058}.Debug|Any CPU.ActiveCfg = Debug|Any CPU
		{C21C898E-8723-4702-AF94-9FFD9CB37058}.Debug|Any CPU.Build.0 = Debug|Any CPU
		{C21C898E-8723-4702-AF94-9FFD9CB37058}.Release|Any CPU.ActiveCfg = Release|Any CPU
		{C21C898E-8723-4702-AF94-9FFD9CB37058}.Release|Any CPU.Build.0 = Release|Any CPU
		{6D656771-8B70-4FE4-9C17-26BE9507C60F}.Debug|Any CPU.ActiveCfg = Debug|Any CPU
		{6D656771-8B70-4FE4-9C17-26BE9507C60F}.Debug|Any CPU.Build.0 = Debug|Any CPU
		{6D656771-8B70-4FE4-9C17-26BE9507C60F}.Release|Any CPU.ActiveCfg = Release|Any CPU
		{6D656771-8B70-4FE4-9C17-26BE9507C60F}.Release|Any CPU.Build.0 = Release|Any CPU
		{08A64526-C9F5-448F-BC64-6ACFD3E3F1E8}.Debug|Any CPU.ActiveCfg = Debug|Any CPU
		{08A64526-C9F5-448F-BC64-6ACFD3E3F1E8}.Debug|Any CPU.Build.0 = Debug|Any CPU
		{08A64526-C9F5-448F-BC64-6ACFD3E3F1E8}.Release|Any CPU.ActiveCfg = Release|Any CPU
		{08A64526-C9F5-448F-BC64-6ACFD3E3F1E8}.Release|Any CPU.Build.0 = Release|Any CPU
	EndGlobalSection
EndGlobal
